
Microsoft Visual Studio Solution File, Format Version 12.00
# Visual Studio 15
VisualStudioVersion = 15.0.28307.271
MinimumVisualStudioVersion = 10.0.40219.1
Project("{9A19103F-16F7-4668-BE54-9A1E7A4F7556}") = "Learning.Kafka.Producer.ConsoleHost", "Learning.Kafka.Producer.ConsoleHost\Learning.Kafka.Producer.ConsoleHost.csproj", "{CD3F639E-8D23-4712-BA3A-716FBD8BE432}"
EndProject
Global
	GlobalSection(SolutionConfigurationPlatforms) = preSolution
		Debug|Any CPU = Debug|Any CPU
		Release|Any CPU = Release|Any CPU
	EndGlobalSection
	GlobalSection(ProjectConfigurationPlatforms) = postSolution
		{CD3F639E-8D23-4712-BA3A-716FBD8BE432}.Debug|Any CPU.ActiveCfg = Debug|Any CPU
		{CD3F639E-8D23-4712-BA3A-716FBD8BE432}.Debug|Any CPU.Build.0 = Debug|Any CPU
		{CD3F639E-8D23-4712-BA3A-716FBD8BE432}.Release|Any CPU.ActiveCfg = Release|Any CPU
		{CD3F639E-8D23-4712-BA3A-716FBD8BE432}.Release|Any CPU.Build.0 = Release|Any CPU
	EndGlobalSection
	GlobalSection(SolutionProperties) = preSolution
		HideSolutionNode = FALSE
	EndGlobalSection
	GlobalSection(ExtensibilityGlobals) = postSolution
		SolutionGuid = {4F7ED7A8-6754-4656-B660-F489A804FCEB}
	EndGlobalSection
EndGlobal
